// !$*UTF8*$!
{
	archiveVersion = 1;
	classes = {
	};
	objectVersion = 56;
	objects = {

/* Begin PBXBuildFile section */
		468B69D82BEFC640006F052A /* AppDelegate.swift in Sources */ = {isa = PBXBuildFile; fileRef = 468B69D72BEFC640006F052A /* AppDelegate.swift */; };
		468B69DA2BEFC640006F052A /* SceneDelegate.swift in Sources */ = {isa = PBXBuildFile; fileRef = 468B69D92BEFC640006F052A /* SceneDelegate.swift */; };
		468B69DC2BEFC640006F052A /* ViewController.swift in Sources */ = {isa = PBXBuildFile; fileRef = 468B69DB2BEFC640006F052A /* ViewController.swift */; };
		468B69DF2BEFC640006F052A /* Base in Resources */ = {isa = PBXBuildFile; fileRef = 468B69DE2BEFC640006F052A /* Base */; };
		468B69E12BEFC641006F052A /* Assets.xcassets in Resources */ = {isa = PBXBuildFile; fileRef = 468B69E02BEFC641006F052A /* Assets.xcassets */; };
		468B69E42BEFC641006F052A /* Base in Resources */ = {isa = PBXBuildFile; fileRef = 468B69E32BEFC641006F052A /* Base */; };
		468B69F52BEFC8C7006F052A /* LabelsTutorialViewController.swift in Sources */ = {isa = PBXBuildFile; fileRef = 468B69F42BEFC8C7006F052A /* LabelsTutorialViewController.swift */; };
		468B69F82BEFCC8B006F052A /* ButtonsTutorialViewController.swift in Sources */ = {isa = PBXBuildFile; fileRef = 468B69F72BEFCC8B006F052A /* ButtonsTutorialViewController.swift */; };
		468B69FB2BF0D27B006F052A /* ShapesTutorialViewController.swift in Sources */ = {isa = PBXBuildFile; fileRef = 468B69FA2BF0D27B006F052A /* ShapesTutorialViewController.swift */; };
		468B69FE2BF0D547006F052A /* StacksTutorialViewController.swift in Sources */ = {isa = PBXBuildFile; fileRef = 468B69FD2BF0D547006F052A /* StacksTutorialViewController.swift */; };
		468B6A012BF0DB45006F052A /* TextFieldsTutorialViewController.swift in Sources */ = {isa = PBXBuildFile; fileRef = 468B6A002BF0DB45006F052A /* TextFieldsTutorialViewController.swift */; };
		468B6A042BF10AAE006F052A /* ScrollViewsTutorialViewController.swift in Sources */ = {isa = PBXBuildFile; fileRef = 468B6A032BF10AAE006F052A /* ScrollViewsTutorialViewController.swift */; };
		468B6A072BF11AA5006F052A /* ActionButtonView.swift in Sources */ = {isa = PBXBuildFile; fileRef = 468B6A062BF11AA5006F052A /* ActionButtonView.swift */; };
		468B6A092BF11EE3006F052A /* DelegateDesignTutorialViewController.swift in Sources */ = {isa = PBXBuildFile; fileRef = 468B6A082BF11EE3006F052A /* DelegateDesignTutorialViewController.swift */; };
/* End PBXBuildFile section */

/* Begin PBXFileReference section */
		468B69D42BEFC640006F052A /* UIKitTutorial.app */ = {isa = PBXFileReference; explicitFileType = wrapper.application; includeInIndex = 0; path = UIKitTutorial.app; sourceTree = BUILT_PRODUCTS_DIR; };
		468B69D72BEFC640006F052A /* AppDelegate.swift */ = {isa = PBXFileReference; lastKnownFileType = sourcecode.swift; path = AppDelegate.swift; sourceTree = "<group>"; };
		468B69D92BEFC640006F052A /* SceneDelegate.swift */ = {isa = PBXFileReference; lastKnownFileType = sourcecode.swift; path = SceneDelegate.swift; sourceTree = "<group>"; };
		468B69DB2BEFC640006F052A /* ViewController.swift */ = {isa = PBXFileReference; lastKnownFileType = sourcecode.swift; path = ViewController.swift; sourceTree = "<group>"; };
		468B69DE2BEFC640006F052A /* Base */ = {isa = PBXFileReference; lastKnownFileType = file.storyboard; name = Base; path = Base.lproj/Main.storyboard; sourceTree = "<group>"; };
		468B69E02BEFC641006F052A /* Assets.xcassets */ = {isa = PBXFileReference; lastKnownFileType = folder.assetcatalog; path = Assets.xcassets; sourceTree = "<group>"; };
		468B69E32BEFC641006F052A /* Base */ = {isa = PBXFileReference; lastKnownFileType = file.storyboard; name = Base; path = Base.lproj/LaunchScreen.storyboard; sourceTree = "<group>"; };
		468B69E52BEFC641006F052A /* Info.plist */ = {isa = PBXFileReference; lastKnownFileType = text.plist.xml; path = Info.plist; sourceTree = "<group>"; };
		468B69F42BEFC8C7006F052A /* LabelsTutorialViewController.swift */ = {isa = PBXFileReference; lastKnownFileType = sourcecode.swift; path = LabelsTutorialViewController.swift; sourceTree = "<group>"; };
		468B69F72BEFCC8B006F052A /* ButtonsTutorialViewController.swift */ = {isa = PBXFileReference; lastKnownFileType = sourcecode.swift; path = ButtonsTutorialViewController.swift; sourceTree = "<group>"; };
		468B69FA2BF0D27B006F052A /* ShapesTutorialViewController.swift */ = {isa = PBXFileReference; lastKnownFileType = sourcecode.swift; path = ShapesTutorialViewController.swift; sourceTree = "<group>"; };
		468B69FD2BF0D547006F052A /* StacksTutorialViewController.swift */ = {isa = PBXFileReference; lastKnownFileType = sourcecode.swift; path = StacksTutorialViewController.swift; sourceTree = "<group>"; };
		468B6A002BF0DB45006F052A /* TextFieldsTutorialViewController.swift */ = {isa = PBXFileReference; lastKnownFileType = sourcecode.swift; path = TextFieldsTutorialViewController.swift; sourceTree = "<group>"; };
		468B6A032BF10AAE006F052A /* ScrollViewsTutorialViewController.swift */ = {isa = PBXFileReference; lastKnownFileType = sourcecode.swift; path = ScrollViewsTutorialViewController.swift; sourceTree = "<group>"; };
		468B6A062BF11AA5006F052A /* ActionButtonView.swift */ = {isa = PBXFileReference; lastKnownFileType = sourcecode.swift; path = ActionButtonView.swift; sourceTree = "<group>"; };
		468B6A082BF11EE3006F052A /* DelegateDesignTutorialViewController.swift */ = {isa = PBXFileReference; lastKnownFileType = sourcecode.swift; path = DelegateDesignTutorialViewController.swift; sourceTree = "<group>"; };
/* End PBXFileReference section */

/* Begin PBXFrameworksBuildPhase section */
		468B69D12BEFC640006F052A /* Frameworks */ = {
			isa = PBXFrameworksBuildPhase;
			buildActionMask = 2147483647;
			files = (
			);
			runOnlyForDeploymentPostprocessing = 0;
		};
/* End PBXFrameworksBuildPhase section */

/* Begin PBXGroup section */
		468B69CB2BEFC640006F052A = {
			isa = PBXGroup;
			children = (
				468B69D62BEFC640006F052A /* UIKitTutorial */,
				468B69D52BEFC640006F052A /* Products */,
			);
			sourceTree = "<group>";
		};
		468B69D52BEFC640006F052A /* Products */ = {
			isa = PBXGroup;
			children = (
				468B69D42BEFC640006F052A /* UIKitTutorial.app */,
			);
			name = Products;
			sourceTree = "<group>";
		};
		468B69D62BEFC640006F052A /* UIKitTutorial */ = {
			isa = PBXGroup;
			children = (
				468B69EF2BEFC657006F052A /* App */,
				468B69EE2BEFC654006F052A /* Basics */,
				468B69ED2BEFC652006F052A /* Crypto */,
				468B69EC2BEFC650006F052A /* Extensions */,
				468B69EB2BEFC647006F052A /* Resources */,
				468B69F02BEFC67B006F052A /* Storyboards */,
			);
			path = UIKitTutorial;
			sourceTree = "<group>";
		};
		468B69EB2BEFC647006F052A /* Resources */ = {
			isa = PBXGroup;
			children = (
				468B69E02BEFC641006F052A /* Assets.xcassets */,
				468B69E52BEFC641006F052A /* Info.plist */,
			);
			path = Resources;
			sourceTree = "<group>";
		};
		468B69EC2BEFC650006F052A /* Extensions */ = {
			isa = PBXGroup;
			children = (
			);
			path = Extensions;
			sourceTree = "<group>";
		};
		468B69ED2BEFC652006F052A /* Crypto */ = {
			isa = PBXGroup;
			children = (
			);
			path = Crypto;
			sourceTree = "<group>";
		};
		468B69EE2BEFC654006F052A /* Basics */ = {
			isa = PBXGroup;
			children = (
				468B6A052BF11A5F006F052A /* DelegateDesign */,
				468B6A022BF10A99006F052A /* ScrollViews */,
				468B69FF2BF0DB2D006F052A /* TextFields */,
				468B69F62BEFCC6F006F052A /* Button */,
				468B69F12BEFC7BA006F052A /* Labels */,
				468B69F92BF0D261006F052A /* Shapes */,
				468B69FC2BF0D53C006F052A /* Stacks */,
				468B69DB2BEFC640006F052A /* ViewController.swift */,
			);
			path = Basics;
			sourceTree = "<group>";
		};
		468B69EF2BEFC657006F052A /* App */ = {
			isa = PBXGroup;
			children = (
				468B69D72BEFC640006F052A /* AppDelegate.swift */,
				468B69D92BEFC640006F052A /* SceneDelegate.swift */,
			);
			path = App;
			sourceTree = "<group>";
		};
		468B69F02BEFC67B006F052A /* Storyboards */ = {
			isa = PBXGroup;
			children = (
				468B69E22BEFC641006F052A /* LaunchScreen.storyboard */,
				468B69DD2BEFC640006F052A /* Main.storyboard */,
			);
			path = Storyboards;
			sourceTree = "<group>";
		};
		468B69F12BEFC7BA006F052A /* Labels */ = {
			isa = PBXGroup;
			children = (
				468B69F42BEFC8C7006F052A /* LabelsTutorialViewController.swift */,
			);
			path = Labels;
			sourceTree = "<group>";
		};
		468B69F62BEFCC6F006F052A /* Button */ = {
			isa = PBXGroup;
			children = (
				468B69F72BEFCC8B006F052A /* ButtonsTutorialViewController.swift */,
			);
			path = Button;
			sourceTree = "<group>";
		};
		468B69F92BF0D261006F052A /* Shapes */ = {
			isa = PBXGroup;
			children = (
				468B69FA2BF0D27B006F052A /* ShapesTutorialViewController.swift */,
			);
			path = Shapes;
			sourceTree = "<group>";
		};
		468B69FC2BF0D53C006F052A /* Stacks */ = {
			isa = PBXGroup;
			children = (
				468B69FD2BF0D547006F052A /* StacksTutorialViewController.swift */,
			);
			path = Stacks;
			sourceTree = "<group>";
		};
		468B69FF2BF0DB2D006F052A /* TextFields */ = {
			isa = PBXGroup;
			children = (
				468B6A002BF0DB45006F052A /* TextFieldsTutorialViewController.swift */,
			);
			path = TextFields;
			sourceTree = "<group>";
		};
		468B6A022BF10A99006F052A /* ScrollViews */ = {
			isa = PBXGroup;
			children = (
				468B6A032BF10AAE006F052A /* ScrollViewsTutorialViewController.swift */,
			);
			path = ScrollViews;
			sourceTree = "<group>";
		};
		468B6A052BF11A5F006F052A /* DelegateDesign */ = {
			isa = PBXGroup;
			children = (
				468B6A062BF11AA5006F052A /* ActionButtonView.swift */,
				468B6A082BF11EE3006F052A /* DelegateDesignTutorialViewController.swift */,
			);
			path = DelegateDesign;
			sourceTree = "<group>";
		};
/* End PBXGroup section */

/* Begin PBXNativeTarget section */
		468B69D32BEFC640006F052A /* UIKitTutorial */ = {
			isa = PBXNativeTarget;
			buildConfigurationList = 468B69E82BEFC641006F052A /* Build configuration list for PBXNativeTarget "UIKitTutorial" */;
			buildPhases = (
				468B69D02BEFC640006F052A /* Sources */,
				468B69D12BEFC640006F052A /* Frameworks */,
				468B69D22BEFC640006F052A /* Resources */,
			);
			buildRules = (
			);
			dependencies = (
			);
			name = UIKitTutorial;
			productName = UIKitTutorial;
			productReference = 468B69D42BEFC640006F052A /* UIKitTutorial.app */;
			productType = "com.apple.product-type.application";
		};
/* End PBXNativeTarget section */

/* Begin PBXProject section */
		468B69CC2BEFC640006F052A /* Project object */ = {
			isa = PBXProject;
			attributes = {
				BuildIndependentTargetsInParallel = 1;
				LastSwiftUpdateCheck = 1530;
				LastUpgradeCheck = 1530;
				TargetAttributes = {
					468B69D32BEFC640006F052A = {
						CreatedOnToolsVersion = 15.3;
					};
				};
			};
			buildConfigurationList = 468B69CF2BEFC640006F052A /* Build configuration list for PBXProject "UIKitTutorial" */;
			compatibilityVersion = "Xcode 14.0";
			developmentRegion = en;
			hasScannedForEncodings = 0;
			knownRegions = (
				en,
				Base,
			);
			mainGroup = 468B69CB2BEFC640006F052A;
			productRefGroup = 468B69D52BEFC640006F052A /* Products */;
			projectDirPath = "";
			projectRoot = "";
			targets = (
				468B69D32BEFC640006F052A /* UIKitTutorial */,
			);
		};
/* End PBXProject section */

/* Begin PBXResourcesBuildPhase section */
		468B69D22BEFC640006F052A /* Resources */ = {
			isa = PBXResourcesBuildPhase;
			buildActionMask = 2147483647;
			files = (
				468B69E12BEFC641006F052A /* Assets.xcassets in Resources */,
				468B69E42BEFC641006F052A /* Base in Resources */,
				468B69DF2BEFC640006F052A /* Base in Resources */,
			);
			runOnlyForDeploymentPostprocessing = 0;
		};
/* End PBXResourcesBuildPhase section */

/* Begin PBXSourcesBuildPhase section */
		468B69D02BEFC640006F052A /* Sources */ = {
			isa = PBXSourcesBuildPhase;
			buildActionMask = 2147483647;
			files = (
				468B6A012BF0DB45006F052A /* TextFieldsTutorialViewController.swift in Sources */,
				468B69FB2BF0D27B006F052A /* ShapesTutorialViewController.swift in Sources */,
				468B69F82BEFCC8B006F052A /* ButtonsTutorialViewController.swift in Sources */,
				468B69DC2BEFC640006F052A /* ViewController.swift in Sources */,
				468B69D82BEFC640006F052A /* AppDelegate.swift in Sources */,
				468B69DA2BEFC640006F052A /* SceneDelegate.swift in Sources */,
				468B6A042BF10AAE006F052A /* ScrollViewsTutorialViewController.swift in Sources */,
				468B6A092BF11EE3006F052A /* DelegateDesignTutorialViewController.swift in Sources */,
				468B69FE2BF0D547006F052A /* StacksTutorialViewController.swift in Sources */,
				468B6A072BF11AA5006F052A /* ActionButtonView.swift in Sources */,
				468B69F52BEFC8C7006F052A /* LabelsTutorialViewController.swift in Sources */,
			);
			runOnlyForDeploymentPostprocessing = 0;
		};
/* End PBXSourcesBuildPhase section */

/* Begin PBXVariantGroup section */
		468B69DD2BEFC640006F052A /* Main.storyboard */ = {
			isa = PBXVariantGroup;
			children = (
				468B69DE2BEFC640006F052A /* Base */,
			);
			name = Main.storyboard;
			sourceTree = "<group>";
		};
		468B69E22BEFC641006F052A /* LaunchScreen.storyboard */ = {
			isa = PBXVariantGroup;
			children = (
				468B69E32BEFC641006F052A /* Base */,
			);
			name = LaunchScreen.storyboard;
			sourceTree = "<group>";
		};
/* End PBXVariantGroup section */

/* Begin XCBuildConfiguration section */
		468B69E62BEFC641006F052A /* Debug */ = {
			isa = XCBuildConfiguration;
			buildSettings = {
				ALWAYS_SEARCH_USER_PATHS = NO;
				ASSETCATALOG_COMPILER_GENERATE_SWIFT_ASSET_SYMBOL_EXTENSIONS = YES;
				CLANG_ANALYZER_NONNULL = YES;
				CLANG_ANALYZER_NUMBER_OBJECT_CONVERSION = YES_AGGRESSIVE;
				CLANG_CXX_LANGUAGE_STANDARD = "gnu++20";
				CLANG_ENABLE_MODULES = YES;
				CLANG_ENABLE_OBJC_ARC = YES;
				CLANG_ENABLE_OBJC_WEAK = YES;
				CLANG_WARN_BLOCK_CAPTURE_AUTORELEASING = YES;
				CLANG_WARN_BOOL_CONVERSION = YES;
				CLANG_WARN_COMMA = YES;
				CLANG_WARN_CONSTANT_CONVERSION = YES;
				CLANG_WARN_DEPRECATED_OBJC_IMPLEMENTATIONS = YES;
				CLANG_WARN_DIRECT_OBJC_ISA_USAGE = YES_ERROR;
				CLANG_WARN_DOCUMENTATION_COMMENTS = YES;
				CLANG_WARN_EMPTY_BODY = YES;
				CLANG_WARN_ENUM_CONVERSION = YES;
				CLANG_WARN_INFINITE_RECURSION = YES;
				CLANG_WARN_INT_CONVERSION = YES;
				CLANG_WARN_NON_LITERAL_NULL_CONVERSION = YES;
				CLANG_WARN_OBJC_IMPLICIT_RETAIN_SELF = YES;
				CLANG_WARN_OBJC_LITERAL_CONVERSION = YES;
				CLANG_WARN_OBJC_ROOT_CLASS = YES_ERROR;
				CLANG_WARN_QUOTED_INCLUDE_IN_FRAMEWORK_HEADER = YES;
				CLANG_WARN_RANGE_LOOP_ANALYSIS = YES;
				CLANG_WARN_STRICT_PROTOTYPES = YES;
				CLANG_WARN_SUSPICIOUS_MOVE = YES;
				CLANG_WARN_UNGUARDED_AVAILABILITY = YES_AGGRESSIVE;
				CLANG_WARN_UNREACHABLE_CODE = YES;
				CLANG_WARN__DUPLICATE_METHOD_MATCH = YES;
				COPY_PHASE_STRIP = NO;
				DEBUG_INFORMATION_FORMAT = dwarf;
				ENABLE_STRICT_OBJC_MSGSEND = YES;
				ENABLE_TESTABILITY = YES;
				ENABLE_USER_SCRIPT_SANDBOXING = YES;
				GCC_C_LANGUAGE_STANDARD = gnu17;
				GCC_DYNAMIC_NO_PIC = NO;
				GCC_NO_COMMON_BLOCKS = YES;
				GCC_OPTIMIZATION_LEVEL = 0;
				GCC_PREPROCESSOR_DEFINITIONS = (
					"DEBUG=1",
					"$(inherited)",
				);
				GCC_WARN_64_TO_32_BIT_CONVERSION = YES;
				GCC_WARN_ABOUT_RETURN_TYPE = YES_ERROR;
				GCC_WARN_UNDECLARED_SELECTOR = YES;
				GCC_WARN_UNINITIALIZED_AUTOS = YES_AGGRESSIVE;
				GCC_WARN_UNUSED_FUNCTION = YES;
				GCC_WARN_UNUSED_VARIABLE = YES;
				IPHONEOS_DEPLOYMENT_TARGET = 17.4;
				LOCALIZATION_PREFERS_STRING_CATALOGS = YES;
				MTL_ENABLE_DEBUG_INFO = INCLUDE_SOURCE;
				MTL_FAST_MATH = YES;
				ONLY_ACTIVE_ARCH = YES;
				SDKROOT = iphoneos;
				SWIFT_ACTIVE_COMPILATION_CONDITIONS = "DEBUG $(inherited)";
				SWIFT_OPTIMIZATION_LEVEL = "-Onone";
			};
			name = Debug;
		};
		468B69E72BEFC641006F052A /* Release */ = {
			isa = XCBuildConfiguration;
			buildSettings = {
				ALWAYS_SEARCH_USER_PATHS = NO;
				ASSETCATALOG_COMPILER_GENERATE_SWIFT_ASSET_SYMBOL_EXTENSIONS = YES;
				CLANG_ANALYZER_NONNULL = YES;
				CLANG_ANALYZER_NUMBER_OBJECT_CONVERSION = YES_AGGRESSIVE;
				CLANG_CXX_LANGUAGE_STANDARD = "gnu++20";
				CLANG_ENABLE_MODULES = YES;
				CLANG_ENABLE_OBJC_ARC = YES;
				CLANG_ENABLE_OBJC_WEAK = YES;
				CLANG_WARN_BLOCK_CAPTURE_AUTORELEASING = YES;
				CLANG_WARN_BOOL_CONVERSION = YES;
				CLANG_WARN_COMMA = YES;
				CLANG_WARN_CONSTANT_CONVERSION = YES;
				CLANG_WARN_DEPRECATED_OBJC_IMPLEMENTATIONS = YES;
				CLANG_WARN_DIRECT_OBJC_ISA_USAGE = YES_ERROR;
				CLANG_WARN_DOCUMENTATION_COMMENTS = YES;
				CLANG_WARN_EMPTY_BODY = YES;
				CLANG_WARN_ENUM_CONVERSION = YES;
				CLANG_WARN_INFINITE_RECURSION = YES;
				CLANG_WARN_INT_CONVERSION = YES;
				CLANG_WARN_NON_LITERAL_NULL_CONVERSION = YES;
				CLANG_WARN_OBJC_IMPLICIT_RETAIN_SELF = YES;
				CLANG_WARN_OBJC_LITERAL_CONVERSION = YES;
				CLANG_WARN_OBJC_ROOT_CLASS = YES_ERROR;
				CLANG_WARN_QUOTED_INCLUDE_IN_FRAMEWORK_HEADER = YES;
				CLANG_WARN_RANGE_LOOP_ANALYSIS = YES;
				CLANG_WARN_STRICT_PROTOTYPES = YES;
				CLANG_WARN_SUSPICIOUS_MOVE = YES;
				CLANG_WARN_UNGUARDED_AVAILABILITY = YES_AGGRESSIVE;
				CLANG_WARN_UNREACHABLE_CODE = YES;
				CLANG_WARN__DUPLICATE_METHOD_MATCH = YES;
				COPY_PHASE_STRIP = NO;
				DEBUG_INFORMATION_FORMAT = "dwarf-with-dsym";
				ENABLE_NS_ASSERTIONS = NO;
				ENABLE_STRICT_OBJC_MSGSEND = YES;
				ENABLE_USER_SCRIPT_SANDBOXING = YES;
				GCC_C_LANGUAGE_STANDARD = gnu17;
				GCC_NO_COMMON_BLOCKS = YES;
				GCC_WARN_64_TO_32_BIT_CONVERSION = YES;
				GCC_WARN_ABOUT_RETURN_TYPE = YES_ERROR;
				GCC_WARN_UNDECLARED_SELECTOR = YES;
				GCC_WARN_UNINITIALIZED_AUTOS = YES_AGGRESSIVE;
				GCC_WARN_UNUSED_FUNCTION = YES;
				GCC_WARN_UNUSED_VARIABLE = YES;
				IPHONEOS_DEPLOYMENT_TARGET = 17.4;
				LOCALIZATION_PREFERS_STRING_CATALOGS = YES;
				MTL_ENABLE_DEBUG_INFO = NO;
				MTL_FAST_MATH = YES;
				SDKROOT = iphoneos;
				SWIFT_COMPILATION_MODE = wholemodule;
				VALIDATE_PRODUCT = YES;
			};
			name = Release;
		};
		468B69E92BEFC641006F052A /* Debug */ = {
			isa = XCBuildConfiguration;
			buildSettings = {
				ASSETCATALOG_COMPILER_APPICON_NAME = AppIcon;
				ASSETCATALOG_COMPILER_GLOBAL_ACCENT_COLOR_NAME = AccentColor;
				CODE_SIGN_STYLE = Automatic;
				CURRENT_PROJECT_VERSION = 1;
				DEVELOPMENT_TEAM = DXR5DNXSQL;
				GENERATE_INFOPLIST_FILE = YES;
				INFOPLIST_FILE = UIKitTutorial/Resources/Info.plist;
				INFOPLIST_KEY_UIApplicationSupportsIndirectInputEvents = YES;
				INFOPLIST_KEY_UILaunchStoryboardName = LaunchScreen;
				INFOPLIST_KEY_UIMainStoryboardFile = Main;
				INFOPLIST_KEY_UISupportedInterfaceOrientations_iPad = "UIInterfaceOrientationPortrait UIInterfaceOrientationPortraitUpsideDown UIInterfaceOrientationLandscapeLeft UIInterfaceOrientationLandscapeRight";
				INFOPLIST_KEY_UISupportedInterfaceOrientations_iPhone = "UIInterfaceOrientationPortrait UIInterfaceOrientationLandscapeLeft UIInterfaceOrientationLandscapeRight";
				LD_RUNPATH_SEARCH_PATHS = (
					"$(inherited)",
					"@executable_path/Frameworks",
				);
				MARKETING_VERSION = 1.0;
				PRODUCT_BUNDLE_IDENTIFIER = co.ybkocaman.UIKitTutorial;
				PRODUCT_NAME = "$(TARGET_NAME)";
				SWIFT_EMIT_LOC_STRINGS = YES;
				SWIFT_VERSION = 5.0;
				TARGETED_DEVICE_FAMILY = "1,2";
			};
			name = Debug;
		};
		468B69EA2BEFC641006F052A /* Release */ = {
			isa = XCBuildConfiguration;
			buildSettings = {
				ASSETCATALOG_COMPILER_APPICON_NAME = AppIcon;
				ASSETCATALOG_COMPILER_GLOBAL_ACCENT_COLOR_NAME = AccentColor;
				CODE_SIGN_STYLE = Automatic;
				CURRENT_PROJECT_VERSION = 1;
				DEVELOPMENT_TEAM = DXR5DNXSQL;
				GENERATE_INFOPLIST_FILE = YES;
				INFOPLIST_FILE = UIKitTutorial/Resources/Info.plist;
				INFOPLIST_KEY_UIApplicationSupportsIndirectInputEvents = YES;
				INFOPLIST_KEY_UILaunchStoryboardName = LaunchScreen;
				INFOPLIST_KEY_UIMainStoryboardFile = Main;
				INFOPLIST_KEY_UISupportedInterfaceOrientations_iPad = "UIInterfaceOrientationPortrait UIInterfaceOrientationPortraitUpsideDown UIInterfaceOrientationLandscapeLeft UIInterfaceOrientationLandscapeRight";
				INFOPLIST_KEY_UISupportedInterfaceOrientations_iPhone = "UIInterfaceOrientationPortrait UIInterfaceOrientationLandscapeLeft UIInterfaceOrientationLandscapeRight";
				LD_RUNPATH_SEARCH_PATHS = (
					"$(inherited)",
					"@executable_path/Frameworks",
				);
				MARKETING_VERSION = 1.0;
				PRODUCT_BUNDLE_IDENTIFIER = co.ybkocaman.UIKitTutorial;
				PRODUCT_NAME = "$(TARGET_NAME)";
				SWIFT_EMIT_LOC_STRINGS = YES;
				SWIFT_VERSION = 5.0;
				TARGETED_DEVICE_FAMILY = "1,2";
			};
			name = Release;
		};
/* End XCBuildConfiguration section */

/* Begin XCConfigurationList section */
		468B69CF2BEFC640006F052A /* Build configuration list for PBXProject "UIKitTutorial" */ = {
			isa = XCConfigurationList;
			buildConfigurations = (
				468B69E62BEFC641006F052A /* Debug */,
				468B69E72BEFC641006F052A /* Release */,
			);
			defaultConfigurationIsVisible = 0;
			defaultConfigurationName = Release;
		};
		468B69E82BEFC641006F052A /* Build configuration list for PBXNativeTarget "UIKitTutorial" */ = {
			isa = XCConfigurationList;
			buildConfigurations = (
				468B69E92BEFC641006F052A /* Debug */,
				468B69EA2BEFC641006F052A /* Release */,
			);
			defaultConfigurationIsVisible = 0;
			defaultConfigurationName = Release;
		};
/* End XCConfigurationList section */
	};
	rootObject = 468B69CC2BEFC640006F052A /* Project object */;
}
